
Microsoft Visual Studio Solution File, Format Version 12.00
# Visual Studio 14
VisualStudioVersion = 14.0.25123.0
MinimumVisualStudioVersion = 10.0.40219.1
Project("{FAE04EC0-301F-11D3-BF4B-00C04F79EFBC}") = "DownLoad_Demo", "DownLoad_Demo\DownLoad_Demo.csproj", "{83BD03C6-60DC-4720-AECC-FFB6A7A54905}"
EndProject
Project("{FAE04EC0-301F-11D3-BF4B-00C04F79EFBC}") = "DownLoad_DemoTests", "DownLoad_DemoTests\DownLoad_DemoTests.csproj", "{EE1CE231-E24B-4570-AF36-49320A896EB3}"
EndProject
Global
	GlobalSection(SolutionConfigurationPlatforms) = preSolution
		Debug|Any CPU = Debug|Any CPU
		Release|Any CPU = Release|Any CPU
	EndGlobalSection
	GlobalSection(ProjectConfigurationPlatforms) = postSolution
		{83BD03C6-60DC-4720-AECC-FFB6A7A54905}.Debug|Any CPU.ActiveCfg = Debug|Any CPU
		{83BD03C6-60DC-4720-AECC-FFB6A7A54905}.Debug|Any CPU.Build.0 = Debug|Any CPU
		{83BD03C6-60DC-4720-AECC-FFB6A7A54905}.Release|Any CPU.ActiveCfg = Release|Any CPU
		{83BD03C6-60DC-4720-AECC-FFB6A7A54905}.Release|Any CPU.Build.0 = Release|Any CPU
		{EE1CE231-E24B-4570-AF36-49320A896EB3}.Debug|Any CPU.ActiveCfg = Debug|Any CPU
		{EE1CE231-E24B-4570-AF36-49320A896EB3}.Debug|Any CPU.Build.0 = Debug|Any CPU
		{EE1CE231-E24B-4570-AF36-49320A896EB3}.Release|Any CPU.ActiveCfg = Release|Any CPU
		{EE1CE231-E24B-4570-AF36-49320A896EB3}.Release|Any CPU.Build.0 = Release|Any CPU
	EndGlobalSection
	GlobalSection(SolutionProperties) = preSolution
		HideSolutionNode = FALSE
	EndGlobalSection
EndGlobal
