
Microsoft Visual Studio Solution File, Format Version 11.00
# Visual Studio 2010
Project("{FAE04EC0-301F-11D3-BF4B-00C04F79EFBC}") = "Upgrade", "Upgrade\Upgrade.csproj", "{C910E3A4-4DD9-440B-BC61-5ED2B2AE9713}"
EndProject
Project("{FAE04EC0-301F-11D3-BF4B-00C04F79EFBC}") = "UpgradeClass", "UpgradeClass\UpgradeClass.csproj", "{10903B53-4B00-4C73-83DD-A6437D4569BE}"
EndProject
Project("{FAE04EC0-301F-11D3-BF4B-00C04F79EFBC}") = "UpgradeServer", "UpgradeServer\UpgradeServer.csproj", "{B73A49C6-C4E4-48F1-A451-489161DDAF7C}"
EndProject
Global
	GlobalSection(SolutionConfigurationPlatforms) = preSolution
		Debug|Any CPU = Debug|Any CPU
		Release|Any CPU = Release|Any CPU
	EndGlobalSection
	GlobalSection(ProjectConfigurationPlatforms) = postSolution
		{C910E3A4-4DD9-440B-BC61-5ED2B2AE9713}.Debug|Any CPU.ActiveCfg = Debug|Any CPU
		{C910E3A4-4DD9-440B-BC61-5ED2B2AE9713}.Debug|Any CPU.Build.0 = Debug|Any CPU
		{C910E3A4-4DD9-440B-BC61-5ED2B2AE9713}.Release|Any CPU.ActiveCfg = Release|Any CPU
		{C910E3A4-4DD9-440B-BC61-5ED2B2AE9713}.Release|Any CPU.Build.0 = Release|Any CPU
		{10903B53-4B00-4C73-83DD-A6437D4569BE}.Debug|Any CPU.ActiveCfg = Debug|Any CPU
		{10903B53-4B00-4C73-83DD-A6437D4569BE}.Debug|Any CPU.Build.0 = Debug|Any CPU
		{10903B53-4B00-4C73-83DD-A6437D4569BE}.Release|Any CPU.ActiveCfg = Release|Any CPU
		{10903B53-4B00-4C73-83DD-A6437D4569BE}.Release|Any CPU.Build.0 = Release|Any CPU
		{B73A49C6-C4E4-48F1-A451-489161DDAF7C}.Debug|Any CPU.ActiveCfg = Debug|Any CPU
		{B73A49C6-C4E4-48F1-A451-489161DDAF7C}.Debug|Any CPU.Build.0 = Debug|Any CPU
		{B73A49C6-C4E4-48F1-A451-489161DDAF7C}.Release|Any CPU.ActiveCfg = Release|Any CPU
		{B73A49C6-C4E4-48F1-A451-489161DDAF7C}.Release|Any CPU.Build.0 = Release|Any CPU
	EndGlobalSection
	GlobalSection(SolutionProperties) = preSolution
		HideSolutionNode = FALSE
	EndGlobalSection
EndGlobal
