
Microsoft Visual Studio Solution File, Format Version 11.00
# Visual Studio 2010
Project("{FAE04EC0-301F-11D3-BF4B-00C04F79EFBC}") = "ScreenKinescope", "ScreenKinescope\ScreenKinescope.csproj", "{A8CC3A87-69FD-4B8F-AD1C-D346EBA5F769}"
EndProject
Global
	GlobalSection(SolutionConfigurationPlatforms) = preSolution
		Debug|Any CPU = Debug|Any CPU
		Release|Any CPU = Release|Any CPU
	EndGlobalSection
	GlobalSection(ProjectConfigurationPlatforms) = postSolution
		{A8CC3A87-69FD-4B8F-AD1C-D346EBA5F769}.Debug|Any CPU.ActiveCfg = Debug|Any CPU
		{A8CC3A87-69FD-4B8F-AD1C-D346EBA5F769}.Debug|Any CPU.Build.0 = Debug|Any CPU
		{A8CC3A87-69FD-4B8F-AD1C-D346EBA5F769}.Release|Any CPU.ActiveCfg = Release|Any CPU
		{A8CC3A87-69FD-4B8F-AD1C-D346EBA5F769}.Release|Any CPU.Build.0 = Release|Any CPU
	EndGlobalSection
	GlobalSection(SolutionProperties) = preSolution
		HideSolutionNode = FALSE
	EndGlobalSection
EndGlobal
