
Microsoft Visual Studio Solution File, Format Version 12.00
# Visual Studio 2013
VisualStudioVersion = 12.0.31101.0
MinimumVisualStudioVersion = 10.0.40219.1
Project("{FAE04EC0-301F-11D3-BF4B-00C04F79EFBC}") = "first-app-VS2013", "first-app-VS2013\first-app-VS2013.csproj", "{2D92EB02-0F77-4CA9-8544-D85C80ECF69B}"
EndProject
Global
	GlobalSection(SolutionConfigurationPlatforms) = preSolution
		Debug|Any CPU = Debug|Any CPU
		Release|Any CPU = Release|Any CPU
	EndGlobalSection
	GlobalSection(ProjectConfigurationPlatforms) = postSolution
		{2D92EB02-0F77-4CA9-8544-D85C80ECF69B}.Debug|Any CPU.ActiveCfg = Debug|Any CPU
		{2D92EB02-0F77-4CA9-8544-D85C80ECF69B}.Debug|Any CPU.Build.0 = Debug|Any CPU
		{2D92EB02-0F77-4CA9-8544-D85C80ECF69B}.Release|Any CPU.ActiveCfg = Release|Any CPU
		{2D92EB02-0F77-4CA9-8544-D85C80ECF69B}.Release|Any CPU.Build.0 = Release|Any CPU
	EndGlobalSection
	GlobalSection(SolutionProperties) = preSolution
		HideSolutionNode = FALSE
	EndGlobalSection
EndGlobal
